
Microsoft Visual Studio Solution File, Format Version 12.00
# Visual Studio Version 16
VisualStudioVersion = 16.0.29102.190
MinimumVisualStudioVersion = 10.0.40219.1
Project("{FAE04EC0-301F-11D3-BF4B-00C04F79EFBC}") = "MVC core entityToDoList 01", "MVC core entityToDoList 01\MVC core entityToDoList 01.csproj", "{38660D47-E5B5-435A-85AD-DC335F6A625D}"
EndProject
Global
	GlobalSection(SolutionConfigurationPlatforms) = preSolution
		Debug|Any CPU = Debug|Any CPU
		Release|Any CPU = Release|Any CPU
	EndGlobalSection
	GlobalSection(ProjectConfigurationPlatforms) = postSolution
		{38660D47-E5B5-435A-85AD-DC335F6A625D}.Debug|Any CPU.ActiveCfg = Debug|Any CPU
		{38660D47-E5B5-435A-85AD-DC335F6A625D}.Debug|Any CPU.Build.0 = Debug|Any CPU
		{38660D47-E5B5-435A-85AD-DC335F6A625D}.Release|Any CPU.ActiveCfg = Release|Any CPU
		{38660D47-E5B5-435A-85AD-DC335F6A625D}.Release|Any CPU.Build.0 = Release|Any CPU
	EndGlobalSection
	GlobalSection(SolutionProperties) = preSolution
		HideSolutionNode = FALSE
	EndGlobalSection
	GlobalSection(ExtensibilityGlobals) = postSolution
		SolutionGuid = {9A7409F8-D426-4D99-98AA-A983FB072A7C}
	EndGlobalSection
EndGlobal
